
Microsoft Visual Studio Solution File, Format Version 10.00
# Visual Studio 2008
Project("{FAE04EC0-301F-11D3-BF4B-00C04F79EFBC}") = "MQOfficeTools", "MQOfficeTools\MQOfficeTools.csproj", "{392D6AF7-5C5F-46E9-852C-6BC4FDD815D0}"
EndProject
Project("{54435603-DBB4-11D2-8724-00A0C9A8B90C}") = "MQOfficeToolsSetup", "MQOfficeToolsSetup\MQOfficeToolsSetup.vdproj", "{89C986B5-876D-412B-A4D6-21DBFDDEA159}"
EndProject
Project("{FAE04EC0-301F-11D3-BF4B-00C04F79EFBC}") = "MQOfficeToolsTester", "MQOfficeToolsTester\MQOfficeToolsTester.csproj", "{307A07A8-FD5E-4B88-A7EE-5809B3CFA2E0}"
EndProject
Project("{FAE04EC0-301F-11D3-BF4B-00C04F79EFBC}") = "MoleQ.QRCode", "..\MQPosToolsActiveX\MQQRCodeLib\MoleQ.QRCode.csproj", "{69CD8227-B5A5-439A-83C7-2D8D933B58FF}"
EndProject
Global
	GlobalSection(SolutionConfigurationPlatforms) = preSolution
		Debug|Any CPU = Debug|Any CPU
		Release|Any CPU = Release|Any CPU
	EndGlobalSection
	GlobalSection(ProjectConfigurationPlatforms) = postSolution
		{392D6AF7-5C5F-46E9-852C-6BC4FDD815D0}.Debug|Any CPU.ActiveCfg = Debug|Any CPU
		{392D6AF7-5C5F-46E9-852C-6BC4FDD815D0}.Debug|Any CPU.Build.0 = Debug|Any CPU
		{392D6AF7-5C5F-46E9-852C-6BC4FDD815D0}.Release|Any CPU.ActiveCfg = Release|Any CPU
		{392D6AF7-5C5F-46E9-852C-6BC4FDD815D0}.Release|Any CPU.Build.0 = Release|Any CPU
		{89C986B5-876D-412B-A4D6-21DBFDDEA159}.Debug|Any CPU.ActiveCfg = Debug
		{89C986B5-876D-412B-A4D6-21DBFDDEA159}.Debug|Any CPU.Build.0 = Debug
		{89C986B5-876D-412B-A4D6-21DBFDDEA159}.Release|Any CPU.ActiveCfg = Release
		{307A07A8-FD5E-4B88-A7EE-5809B3CFA2E0}.Debug|Any CPU.ActiveCfg = Debug|Any CPU
		{307A07A8-FD5E-4B88-A7EE-5809B3CFA2E0}.Debug|Any CPU.Build.0 = Debug|Any CPU
		{307A07A8-FD5E-4B88-A7EE-5809B3CFA2E0}.Release|Any CPU.ActiveCfg = Release|Any CPU
		{307A07A8-FD5E-4B88-A7EE-5809B3CFA2E0}.Release|Any CPU.Build.0 = Release|Any CPU
		{69CD8227-B5A5-439A-83C7-2D8D933B58FF}.Debug|Any CPU.ActiveCfg = Debug|Any CPU
		{69CD8227-B5A5-439A-83C7-2D8D933B58FF}.Debug|Any CPU.Build.0 = Debug|Any CPU
		{69CD8227-B5A5-439A-83C7-2D8D933B58FF}.Release|Any CPU.ActiveCfg = Release|Any CPU
		{69CD8227-B5A5-439A-83C7-2D8D933B58FF}.Release|Any CPU.Build.0 = Release|Any CPU
	EndGlobalSection
	GlobalSection(SolutionProperties) = preSolution
		HideSolutionNode = FALSE
	EndGlobalSection
EndGlobal
